// !$*UTF8*$!
{
	archiveVersion = 1;
	classes = {
	};
	objectVersion = 55;
	objects = {

/* Begin PBXBuildFile section */
		6033DBFB276A878D00ADA0F8 /* AppDelegate.swift in Sources */ = {isa = PBXBuildFile; fileRef = 6033DBFA276A878D00ADA0F8 /* AppDelegate.swift */; };
		6033DBFD276A878D00ADA0F8 /* SceneDelegate.swift in Sources */ = {isa = PBXBuildFile; fileRef = 6033DBFC276A878D00ADA0F8 /* SceneDelegate.swift */; };
		6033DBFF276A878D00ADA0F8 /* ChecklistViewController.swift in Sources */ = {isa = PBXBuildFile; fileRef = 6033DBFE276A878D00ADA0F8 /* ChecklistViewController.swift */; };
		6033DC02276A878D00ADA0F8 /* Main.storyboard in Resources */ = {isa = PBXBuildFile; fileRef = 6033DC00276A878D00ADA0F8 /* Main.storyboard */; };
		6033DC04276A878E00ADA0F8 /* Assets.xcassets in Resources */ = {isa = PBXBuildFile; fileRef = 6033DC03276A878E00ADA0F8 /* Assets.xcassets */; };
		6033DC07276A878E00ADA0F8 /* LaunchScreen.storyboard in Resources */ = {isa = PBXBuildFile; fileRef = 6033DC05276A878E00ADA0F8 /* LaunchScreen.storyboard */; };
		6033DC12276A878E00ADA0F8 /* checklistTests.swift in Sources */ = {isa = PBXBuildFile; fileRef = 6033DC11276A878E00ADA0F8 /* checklistTests.swift */; };
		6033DC1C276A878E00ADA0F8 /* checklistUITests.swift in Sources */ = {isa = PBXBuildFile; fileRef = 6033DC1B276A878E00ADA0F8 /* checklistUITests.swift */; };
		6033DC1E276A878E00ADA0F8 /* checklistUITestsLaunchTests.swift in Sources */ = {isa = PBXBuildFile; fileRef = 6033DC1D276A878E00ADA0F8 /* checklistUITestsLaunchTests.swift */; };
/* End PBXBuildFile section */

/* Begin PBXContainerItemProxy section */
		6033DC0E276A878E00ADA0F8 /* PBXContainerItemProxy */ = {
			isa = PBXContainerItemProxy;
			containerPortal = 6033DBEF276A878D00ADA0F8 /* Project object */;
			proxyType = 1;
			remoteGlobalIDString = 6033DBF6276A878D00ADA0F8;
			remoteInfo = checklist;
		};
		6033DC18276A878E00ADA0F8 /* PBXContainerItemProxy */ = {
			isa = PBXContainerItemProxy;
			containerPortal = 6033DBEF276A878D00ADA0F8 /* Project object */;
			proxyType = 1;
			remoteGlobalIDString = 6033DBF6276A878D00ADA0F8;
			remoteInfo = checklist;
		};
/* End PBXContainerItemProxy section */

/* Begin PBXFileReference section */
		6033DBF7276A878D00ADA0F8 /* checklist.app */ = {isa = PBXFileReference; explicitFileType = wrapper.application; includeInIndex = 0; path = checklist.app; sourceTree = BUILT_PRODUCTS_DIR; };
		6033DBFA276A878D00ADA0F8 /* AppDelegate.swift */ = {isa = PBXFileReference; lastKnownFileType = sourcecode.swift; path = AppDelegate.swift; sourceTree = "<group>"; };
		6033DBFC276A878D00ADA0F8 /* SceneDelegate.swift */ = {isa = PBXFileReference; lastKnownFileType = sourcecode.swift; path = SceneDelegate.swift; sourceTree = "<group>"; };
		6033DBFE276A878D00ADA0F8 /* ChecklistViewController.swift */ = {isa = PBXFileReference; lastKnownFileType = sourcecode.swift; path = ChecklistViewController.swift; sourceTree = "<group>"; };
		6033DC01276A878D00ADA0F8 /* Base */ = {isa = PBXFileReference; lastKnownFileType = file.storyboard; name = Base; path = Base.lproj/Main.storyboard; sourceTree = "<group>"; };
		6033DC03276A878E00ADA0F8 /* Assets.xcassets */ = {isa = PBXFileReference; lastKnownFileType = folder.assetcatalog; path = Assets.xcassets; sourceTree = "<group>"; };
		6033DC06276A878E00ADA0F8 /* Base */ = {isa = PBXFileReference; lastKnownFileType = file.storyboard; name = Base; path = Base.lproj/LaunchScreen.storyboard; sourceTree = "<group>"; };
		6033DC08276A878E00ADA0F8 /* Info.plist */ = {isa = PBXFileReference; lastKnownFileType = text.plist.xml; path = Info.plist; sourceTree = "<group>"; };
		6033DC0D276A878E00ADA0F8 /* checklistTests.xctest */ = {isa = PBXFileReference; explicitFileType = wrapper.cfbundle; includeInIndex = 0; path = checklistTests.xctest; sourceTree = BUILT_PRODUCTS_DIR; };
		6033DC11276A878E00ADA0F8 /* checklistTests.swift */ = {isa = PBXFileReference; lastKnownFileType = sourcecode.swift; path = checklistTests.swift; sourceTree = "<group>"; };
		6033DC17276A878E00ADA0F8 /* checklistUITests.xctest */ = {isa = PBXFileReference; explicitFileType = wrapper.cfbundle; includeInIndex = 0; path = checklistUITests.xctest; sourceTree = BUILT_PRODUCTS_DIR; };
		6033DC1B276A878E00ADA0F8 /* checklistUITests.swift */ = {isa = PBXFileReference; lastKnownFileType = sourcecode.swift; path = checklistUITests.swift; sourceTree = "<group>"; };
		6033DC1D276A878E00ADA0F8 /* checklistUITestsLaunchTests.swift */ = {isa = PBXFileReference; lastKnownFileType = sourcecode.swift; path = checklistUITestsLaunchTests.swift; sourceTree = "<group>"; };
/* End PBXFileReference section */

/* Begin PBXFrameworksBuildPhase section */
		6033DBF4276A878D00ADA0F8 /* Frameworks */ = {
			isa = PBXFrameworksBuildPhase;
			buildActionMask = 2147483647;
			files = (
			);
			runOnlyForDeploymentPostprocessing = 0;
		};
		6033DC0A276A878E00ADA0F8 /* Frameworks */ = {
			isa = PBXFrameworksBuildPhase;
			buildActionMask = 2147483647;
			files = (
			);
			runOnlyForDeploymentPostprocessing = 0;
		};
		6033DC14276A878E00ADA0F8 /* Frameworks */ = {
			isa = PBXFrameworksBuildPhase;
			buildActionMask = 2147483647;
			files = (
			);
			runOnlyForDeploymentPostprocessing = 0;
		};
/* End PBXFrameworksBuildPhase section */

/* Begin PBXGroup section */
		6033DBEE276A878D00ADA0F8 = {
			isa = PBXGroup;
			children = (
				6033DBF9276A878D00ADA0F8 /* checklist */,
				6033DC10276A878E00ADA0F8 /* checklistTests */,
				6033DC1A276A878E00ADA0F8 /* checklistUITests */,
				6033DBF8276A878D00ADA0F8 /* Products */,
			);
			sourceTree = "<group>";
		};
		6033DBF8276A878D00ADA0F8 /* Products */ = {
			isa = PBXGroup;
			children = (
				6033DBF7276A878D00ADA0F8 /* checklist.app */,
				6033DC0D276A878E00ADA0F8 /* checklistTests.xctest */,
				6033DC17276A878E00ADA0F8 /* checklistUITests.xctest */,
			);
			name = Products;
			sourceTree = "<group>";
		};
		6033DBF9276A878D00ADA0F8 /* checklist */ = {
			isa = PBXGroup;
			children = (
				6033DBFA276A878D00ADA0F8 /* AppDelegate.swift */,
				6033DBFC276A878D00ADA0F8 /* SceneDelegate.swift */,
				6033DBFE276A878D00ADA0F8 /* ChecklistViewController.swift */,
				6033DC00276A878D00ADA0F8 /* Main.storyboard */,
				6033DC03276A878E00ADA0F8 /* Assets.xcassets */,
				6033DC05276A878E00ADA0F8 /* LaunchScreen.storyboard */,
				6033DC08276A878E00ADA0F8 /* Info.plist */,
			);
			path = checklist;
			sourceTree = "<group>";
		};
		6033DC10276A878E00ADA0F8 /* checklistTests */ = {
			isa = PBXGroup;
			children = (
				6033DC11276A878E00ADA0F8 /* checklistTests.swift */,
			);
			path = checklistTests;
			sourceTree = "<group>";
		};
		6033DC1A276A878E00ADA0F8 /* checklistUITests */ = {
			isa = PBXGroup;
			children = (
				6033DC1B276A878E00ADA0F8 /* checklistUITests.swift */,
				6033DC1D276A878E00ADA0F8 /* checklistUITestsLaunchTests.swift */,
			);
			path = checklistUITests;
			sourceTree = "<group>";
		};
/* End PBXGroup section */

/* Begin PBXNativeTarget section */
		6033DBF6276A878D00ADA0F8 /* checklist */ = {
			isa = PBXNativeTarget;
			buildConfigurationList = 6033DC21276A878E00ADA0F8 /* Build configuration list for PBXNativeTarget "checklist" */;
			buildPhases = (
				6033DBF3276A878D00ADA0F8 /* Sources */,
				6033DBF4276A878D00ADA0F8 /* Frameworks */,
				6033DBF5276A878D00ADA0F8 /* Resources */,
			);
			buildRules = (
			);
			dependencies = (
			);
			name = checklist;
			productName = checklist;
			productReference = 6033DBF7276A878D00ADA0F8 /* checklist.app */;
			productType = "com.apple.product-type.application";
		};
		6033DC0C276A878E00ADA0F8 /* checklistTests */ = {
			isa = PBXNativeTarget;
			buildConfigurationList = 6033DC24276A878E00ADA0F8 /* Build configuration list for PBXNativeTarget "checklistTests" */;
			buildPhases = (
				6033DC09276A878E00ADA0F8 /* Sources */,
				6033DC0A276A878E00ADA0F8 /* Frameworks */,
				6033DC0B276A878E00ADA0F8 /* Resources */,
			);
			buildRules = (
			);
			dependencies = (
				6033DC0F276A878E00ADA0F8 /* PBXTargetDependency */,
			);
			name = checklistTests;
			productName = checklistTests;
			productReference = 6033DC0D276A878E00ADA0F8 /* checklistTests.xctest */;
			productType = "com.apple.product-type.bundle.unit-test";
		};
		6033DC16276A878E00ADA0F8 /* checklistUITests */ = {
			isa = PBXNativeTarget;
			buildConfigurationList = 6033DC27276A878E00ADA0F8 /* Build configuration list for PBXNativeTarget "checklistUITests" */;
			buildPhases = (
				6033DC13276A878E00ADA0F8 /* Sources */,
				6033DC14276A878E00ADA0F8 /* Frameworks */,
				6033DC15276A878E00ADA0F8 /* Resources */,
			);
			buildRules = (
			);
			dependencies = (
				6033DC19276A878E00ADA0F8 /* PBXTargetDependency */,
			);
			name = checklistUITests;
			productName = checklistUITests;
			productReference = 6033DC17276A878E00ADA0F8 /* checklistUITests.xctest */;
			productType = "com.apple.product-type.bundle.ui-testing";
		};
/* End PBXNativeTarget section */

/* Begin PBXProject section */
		6033DBEF276A878D00ADA0F8 /* Project object */ = {
			isa = PBXProject;
			attributes = {
				BuildIndependentTargetsInParallel = 1;
				LastSwiftUpdateCheck = 1320;
				LastUpgradeCheck = 1320;
				TargetAttributes = {
					6033DBF6276A878D00ADA0F8 = {
						CreatedOnToolsVersion = 13.2;
					};
					6033DC0C276A878E00ADA0F8 = {
						CreatedOnToolsVersion = 13.2;
						TestTargetID = 6033DBF6276A878D00ADA0F8;
					};
					6033DC16276A878E00ADA0F8 = {
						CreatedOnToolsVersion = 13.2;
						TestTargetID = 6033DBF6276A878D00ADA0F8;
					};
				};
			};
			buildConfigurationList = 6033DBF2276A878D00ADA0F8 /* Build configuration list for PBXProject "checklist" */;
			compatibilityVersion = "Xcode 13.0";
			developmentRegion = en;
			hasScannedForEncodings = 0;
			knownRegions = (
				en,
				Base,
			);
			mainGroup = 6033DBEE276A878D00ADA0F8;
			productRefGroup = 6033DBF8276A878D00ADA0F8 /* Products */;
			projectDirPath = "";
			projectRoot = "";
			targets = (
				6033DBF6276A878D00ADA0F8 /* checklist */,
				6033DC0C276A878E00ADA0F8 /* checklistTests */,
				6033DC16276A878E00ADA0F8 /* checklistUITests */,
			);
		};
/* End PBXProject section */

/* Begin PBXResourcesBuildPhase section */
		6033DBF5276A878D00ADA0F8 /* Resources */ = {
			isa = PBXResourcesBuildPhase;
			buildActionMask = 2147483647;
			files = (
				6033DC07276A878E00ADA0F8 /* LaunchScreen.storyboard in Resources */,
				6033DC04276A878E00ADA0F8 /* Assets.xcassets in Resources */,
				6033DC02276A878D00ADA0F8 /* Main.storyboard in Resources */,
			);
			runOnlyForDeploymentPostprocessing = 0;
		};
		6033DC0B276A878E00ADA0F8 /* Resources */ = {
			isa = PBXResourcesBuildPhase;
			buildActionMask = 2147483647;
			files = (
			);
			runOnlyForDeploymentPostprocessing = 0;
		};
		6033DC15276A878E00ADA0F8 /* Resources */ = {
			isa = PBXResourcesBuildPhase;
			buildActionMask = 2147483647;
			files = (
			);
			runOnlyForDeploymentPostprocessing = 0;
		};
/* End PBXResourcesBuildPhase section */

/* Begin PBXSourcesBuildPhase section */
		6033DBF3276A878D00ADA0F8 /* Sources */ = {
			isa = PBXSourcesBuildPhase;
			buildActionMask = 2147483647;
			files = (
				6033DBFF276A878D00ADA0F8 /* ChecklistViewController.swift in Sources */,
				6033DBFB276A878D00ADA0F8 /* AppDelegate.swift in Sources */,
				6033DBFD276A878D00ADA0F8 /* SceneDelegate.swift in Sources */,
			);
			runOnlyForDeploymentPostprocessing = 0;
		};
		6033DC09276A878E00ADA0F8 /* Sources */ = {
			isa = PBXSourcesBuildPhase;
			buildActionMask = 2147483647;
			files = (
				6033DC12276A878E00ADA0F8 /* checklistTests.swift in Sources */,
			);
			runOnlyForDeploymentPostprocessing = 0;
		};
		6033DC13276A878E00ADA0F8 /* Sources */ = {
			isa = PBXSourcesBuildPhase;
			buildActionMask = 2147483647;
			files = (
				6033DC1C276A878E00ADA0F8 /* checklistUITests.swift in Sources */,
				6033DC1E276A878E00ADA0F8 /* checklistUITestsLaunchTests.swift in Sources */,
			);
			runOnlyForDeploymentPostprocessing = 0;
		};
/* End PBXSourcesBuildPhase section */

/* Begin PBXTargetDependency section */
		6033DC0F276A878E00ADA0F8 /* PBXTargetDependency */ = {
			isa = PBXTargetDependency;
			target = 6033DBF6276A878D00ADA0F8 /* checklist */;
			targetProxy = 6033DC0E276A878E00ADA0F8 /* PBXContainerItemProxy */;
		};
		6033DC19276A878E00ADA0F8 /* PBXTargetDependency */ = {
			isa = PBXTargetDependency;
			target = 6033DBF6276A878D00ADA0F8 /* checklist */;
			targetProxy = 6033DC18276A878E00ADA0F8 /* PBXContainerItemProxy */;
		};
/* End PBXTargetDependency section */

/* Begin PBXVariantGroup section */
		6033DC00276A878D00ADA0F8 /* Main.storyboard */ = {
			isa = PBXVariantGroup;
			children = (
				6033DC01276A878D00ADA0F8 /* Base */,
			);
			name = Main.storyboard;
			sourceTree = "<group>";
		};
		6033DC05276A878E00ADA0F8 /* LaunchScreen.storyboard */ = {
			isa = PBXVariantGroup;
			children = (
				6033DC06276A878E00ADA0F8 /* Base */,
			);
			name = LaunchScreen.storyboard;
			sourceTree = "<group>";
		};
/* End PBXVariantGroup section */

/* Begin XCBuildConfiguration section */
		6033DC1F276A878E00ADA0F8 /* Debug */ = {
			isa = XCBuildConfiguration;
			buildSettings = {
				ALWAYS_SEARCH_USER_PATHS = NO;
				CLANG_ANALYZER_NONNULL = YES;
				CLANG_ANALYZER_NUMBER_OBJECT_CONVERSION = YES_AGGRESSIVE;
				CLANG_CXX_LANGUAGE_STANDARD = "gnu++17";
				CLANG_CXX_LIBRARY = "libc++";
				CLANG_ENABLE_MODULES = YES;
				CLANG_ENABLE_OBJC_ARC = YES;
				CLANG_ENABLE_OBJC_WEAK = YES;
				CLANG_WARN_BLOCK_CAPTURE_AUTORELEASING = YES;
				CLANG_WARN_BOOL_CONVERSION = YES;
				CLANG_WARN_COMMA = YES;
				CLANG_WARN_CONSTANT_CONVERSION = YES;
				CLANG_WARN_DEPRECATED_OBJC_IMPLEMENTATIONS = YES;
				CLANG_WARN_DIRECT_OBJC_ISA_USAGE = YES_ERROR;
				CLANG_WARN_DOCUMENTATION_COMMENTS = YES;
				CLANG_WARN_EMPTY_BODY = YES;
				CLANG_WARN_ENUM_CONVERSION = YES;
				CLANG_WARN_INFINITE_RECURSION = YES;
				CLANG_WARN_INT_CONVERSION = YES;
				CLANG_WARN_NON_LITERAL_NULL_CONVERSION = YES;
				CLANG_WARN_OBJC_IMPLICIT_RETAIN_SELF = YES;
				CLANG_WARN_OBJC_LITERAL_CONVERSION = YES;
				CLANG_WARN_OBJC_ROOT_CLASS = YES_ERROR;
				CLANG_WARN_QUOTED_INCLUDE_IN_FRAMEWORK_HEADER = YES;
				CLANG_WARN_RANGE_LOOP_ANALYSIS = YES;
				CLANG_WARN_STRICT_PROTOTYPES = YES;
				CLANG_WARN_SUSPICIOUS_MOVE = YES;
				CLANG_WARN_UNGUARDED_AVAILABILITY = YES_AGGRESSIVE;
				CLANG_WARN_UNREACHABLE_CODE = YES;
				CLANG_WARN__DUPLICATE_METHOD_MATCH = YES;
				COPY_PHASE_STRIP = NO;
				DEBUG_INFORMATION_FORMAT = dwarf;
				ENABLE_STRICT_OBJC_MSGSEND = YES;
				ENABLE_TESTABILITY = YES;
				GCC_C_LANGUAGE_STANDARD = gnu11;
				GCC_DYNAMIC_NO_PIC = NO;
				GCC_NO_COMMON_BLOCKS = YES;
				GCC_OPTIMIZATION_LEVEL = 0;
				GCC_PREPROCESSOR_DEFINITIONS = (
					"DEBUG=1",
					"$(inherited)",
				);
				GCC_WARN_64_TO_32_BIT_CONVERSION = YES;
				GCC_WARN_ABOUT_RETURN_TYPE = YES_ERROR;
				GCC_WARN_UNDECLARED_SELECTOR = YES;
				GCC_WARN_UNINITIALIZED_AUTOS = YES_AGGRESSIVE;
				GCC_WARN_UNUSED_FUNCTION = YES;
				GCC_WARN_UNUSED_VARIABLE = YES;
				IPHONEOS_DEPLOYMENT_TARGET = 15.2;
				MTL_ENABLE_DEBUG_INFO = INCLUDE_SOURCE;
				MTL_FAST_MATH = YES;
				ONLY_ACTIVE_ARCH = YES;
				SDKROOT = iphoneos;
				SWIFT_ACTIVE_COMPILATION_CONDITIONS = DEBUG;
				SWIFT_OPTIMIZATION_LEVEL = "-Onone";
			};
			name = Debug;
		};
		6033DC20276A878E00ADA0F8 /* Release */ = {
			isa = XCBuildConfiguration;
			buildSettings = {
				ALWAYS_SEARCH_USER_PATHS = NO;
				CLANG_ANALYZER_NONNULL = YES;
				CLANG_ANALYZER_NUMBER_OBJECT_CONVERSION = YES_AGGRESSIVE;
				CLANG_CXX_LANGUAGE_STANDARD = "gnu++17";
				CLANG_CXX_LIBRARY = "libc++";
				CLANG_ENABLE_MODULES = YES;
				CLANG_ENABLE_OBJC_ARC = YES;
				CLANG_ENABLE_OBJC_WEAK = YES;
				CLANG_WARN_BLOCK_CAPTURE_AUTORELEASING = YES;
				CLANG_WARN_BOOL_CONVERSION = YES;
				CLANG_WARN_COMMA = YES;
				CLANG_WARN_CONSTANT_CONVERSION = YES;
				CLANG_WARN_DEPRECATED_OBJC_IMPLEMENTATIONS = YES;
				CLANG_WARN_DIRECT_OBJC_ISA_USAGE = YES_ERROR;
				CLANG_WARN_DOCUMENTATION_COMMENTS = YES;
				CLANG_WARN_EMPTY_BODY = YES;
				CLANG_WARN_ENUM_CONVERSION = YES;
				CLANG_WARN_INFINITE_RECURSION = YES;
				CLANG_WARN_INT_CONVERSION = YES;
				CLANG_WARN_NON_LITERAL_NULL_CONVERSION = YES;
				CLANG_WARN_OBJC_IMPLICIT_RETAIN_SELF = YES;
				CLANG_WARN_OBJC_LITERAL_CONVERSION = YES;
				CLANG_WARN_OBJC_ROOT_CLASS = YES_ERROR;
				CLANG_WARN_QUOTED_INCLUDE_IN_FRAMEWORK_HEADER = YES;
				CLANG_WARN_RANGE_LOOP_ANALYSIS = YES;
				CLANG_WARN_STRICT_PROTOTYPES = YES;
				CLANG_WARN_SUSPICIOUS_MOVE = YES;
				CLANG_WARN_UNGUARDED_AVAILABILITY = YES_AGGRESSIVE;
				CLANG_WARN_UNREACHABLE_CODE = YES;
				CLANG_WARN__DUPLICATE_METHOD_MATCH = YES;
				COPY_PHASE_STRIP = NO;
				DEBUG_INFORMATION_FORMAT = "dwarf-with-dsym";
				ENABLE_NS_ASSERTIONS = NO;
				ENABLE_STRICT_OBJC_MSGSEND = YES;
				GCC_C_LANGUAGE_STANDARD = gnu11;
				GCC_NO_COMMON_BLOCKS = YES;
				GCC_WARN_64_TO_32_BIT_CONVERSION = YES;
				GCC_WARN_ABOUT_RETURN_TYPE = YES_ERROR;
				GCC_WARN_UNDECLARED_SELECTOR = YES;
				GCC_WARN_UNINITIALIZED_AUTOS = YES_AGGRESSIVE;
				GCC_WARN_UNUSED_FUNCTION = YES;
				GCC_WARN_UNUSED_VARIABLE = YES;
				IPHONEOS_DEPLOYMENT_TARGET = 15.2;
				MTL_ENABLE_DEBUG_INFO = NO;
				MTL_FAST_MATH = YES;
				SDKROOT = iphoneos;
				SWIFT_COMPILATION_MODE = wholemodule;
				SWIFT_OPTIMIZATION_LEVEL = "-O";
				VALIDATE_PRODUCT = YES;
			};
			name = Release;
		};
		6033DC22276A878E00ADA0F8 /* Debug */ = {
			isa = XCBuildConfiguration;
			buildSettings = {
				ASSETCATALOG_COMPILER_APPICON_NAME = AppIcon;
				ASSETCATALOG_COMPILER_GLOBAL_ACCENT_COLOR_NAME = AccentColor;
				CODE_SIGN_STYLE = Automatic;
				CURRENT_PROJECT_VERSION = 1;
				DEVELOPMENT_TEAM = 9E72ELFJ7N;
				GENERATE_INFOPLIST_FILE = YES;
				INFOPLIST_FILE = checklist/Info.plist;
				INFOPLIST_KEY_UIApplicationSupportsIndirectInputEvents = YES;
				INFOPLIST_KEY_UILaunchStoryboardName = LaunchScreen;
				INFOPLIST_KEY_UIMainStoryboardFile = Main;
				INFOPLIST_KEY_UISupportedInterfaceOrientations = UIInterfaceOrientationPortrait;
				INFOPLIST_KEY_UISupportedInterfaceOrientations_iPad = "UIInterfaceOrientationPortrait UIInterfaceOrientationPortraitUpsideDown UIInterfaceOrientationLandscapeLeft UIInterfaceOrientationLandscapeRight";
				INFOPLIST_KEY_UISupportedInterfaceOrientations_iPhone = "UIInterfaceOrientationPortrait UIInterfaceOrientationLandscapeLeft UIInterfaceOrientationLandscapeRight";
				LD_RUNPATH_SEARCH_PATHS = (
					"$(inherited)",
					"@executable_path/Frameworks",
				);
				MARKETING_VERSION = 1.0;
				PRODUCT_BUNDLE_IDENTIFIER = fi.yea.checklist;
				PRODUCT_NAME = "$(TARGET_NAME)";
				SWIFT_EMIT_LOC_STRINGS = YES;
				SWIFT_VERSION = 5.0;
				TARGETED_DEVICE_FAMILY = "1,2";
			};
			name = Debug;
		};
		6033DC23276A878E00ADA0F8 /* Release */ = {
			isa = XCBuildConfiguration;
			buildSettings = {
				ASSETCATALOG_COMPILER_APPICON_NAME = AppIcon;
				ASSETCATALOG_COMPILER_GLOBAL_ACCENT_COLOR_NAME = AccentColor;
				CODE_SIGN_STYLE = Automatic;
				CURRENT_PROJECT_VERSION = 1;
				DEVELOPMENT_TEAM = 9E72ELFJ7N;
				GENERATE_INFOPLIST_FILE = YES;
				INFOPLIST_FILE = checklist/Info.plist;
				INFOPLIST_KEY_UIApplicationSupportsIndirectInputEvents = YES;
				INFOPLIST_KEY_UILaunchStoryboardName = LaunchScreen;
				INFOPLIST_KEY_UIMainStoryboardFile = Main;
				INFOPLIST_KEY_UISupportedInterfaceOrientations = UIInterfaceOrientationPortrait;
				INFOPLIST_KEY_UISupportedInterfaceOrientations_iPad = "UIInterfaceOrientationPortrait UIInterfaceOrientationPortraitUpsideDown UIInterfaceOrientationLandscapeLeft UIInterfaceOrientationLandscapeRight";
				INFOPLIST_KEY_UISupportedInterfaceOrientations_iPhone = "UIInterfaceOrientationPortrait UIInterfaceOrientationLandscapeLeft UIInterfaceOrientationLandscapeRight";
				LD_RUNPATH_SEARCH_PATHS = (
					"$(inherited)",
					"@executable_path/Frameworks",
				);
				MARKETING_VERSION = 1.0;
				PRODUCT_BUNDLE_IDENTIFIER = fi.yea.checklist;
				PRODUCT_NAME = "$(TARGET_NAME)";
				SWIFT_EMIT_LOC_STRINGS = YES;
				SWIFT_VERSION = 5.0;
				TARGETED_DEVICE_FAMILY = "1,2";
			};
			name = Release;
		};
		6033DC25276A878E00ADA0F8 /* Debug */ = {
			isa = XCBuildConfiguration;
			buildSettings = {
				ALWAYS_EMBED_SWIFT_STANDARD_LIBRARIES = YES;
				BUNDLE_LOADER = "$(TEST_HOST)";
				CODE_SIGN_STYLE = Automatic;
				CURRENT_PROJECT_VERSION = 1;
				DEVELOPMENT_TEAM = 9E72ELFJ7N;
				GENERATE_INFOPLIST_FILE = YES;
				IPHONEOS_DEPLOYMENT_TARGET = 15.2;
				MARKETING_VERSION = 1.0;
				PRODUCT_BUNDLE_IDENTIFIER = fi.yea.checklistTests;
				PRODUCT_NAME = "$(TARGET_NAME)";
				SWIFT_EMIT_LOC_STRINGS = NO;
				SWIFT_VERSION = 5.0;
				TARGETED_DEVICE_FAMILY = "1,2";
				TEST_HOST = "$(BUILT_PRODUCTS_DIR)/checklist.app/checklist";
			};
			name = Debug;
		};
		6033DC26276A878E00ADA0F8 /* Release */ = {
			isa = XCBuildConfiguration;
			buildSettings = {
				ALWAYS_EMBED_SWIFT_STANDARD_LIBRARIES = YES;
				BUNDLE_LOADER = "$(TEST_HOST)";
				CODE_SIGN_STYLE = Automatic;
				CURRENT_PROJECT_VERSION = 1;
				DEVELOPMENT_TEAM = 9E72ELFJ7N;
				GENERATE_INFOPLIST_FILE = YES;
				IPHONEOS_DEPLOYMENT_TARGET = 15.2;
				MARKETING_VERSION = 1.0;
				PRODUCT_BUNDLE_IDENTIFIER = fi.yea.checklistTests;
				PRODUCT_NAME = "$(TARGET_NAME)";
				SWIFT_EMIT_LOC_STRINGS = NO;
				SWIFT_VERSION = 5.0;
				TARGETED_DEVICE_FAMILY = "1,2";
				TEST_HOST = "$(BUILT_PRODUCTS_DIR)/checklist.app/checklist";
			};
			name = Release;
		};
		6033DC28276A878E00ADA0F8 /* Debug */ = {
			isa = XCBuildConfiguration;
			buildSettings = {
				ALWAYS_EMBED_SWIFT_STANDARD_LIBRARIES = YES;
				CODE_SIGN_STYLE = Automatic;
				CURRENT_PROJECT_VERSION = 1;
				DEVELOPMENT_TEAM = 9E72ELFJ7N;
				GENERATE_INFOPLIST_FILE = YES;
				MARKETING_VERSION = 1.0;
				PRODUCT_BUNDLE_IDENTIFIER = fi.yea.checklistUITests;
				PRODUCT_NAME = "$(TARGET_NAME)";
				SWIFT_EMIT_LOC_STRINGS = NO;
				SWIFT_VERSION = 5.0;
				TARGETED_DEVICE_FAMILY = "1,2";
				TEST_TARGET_NAME = checklist;
			};
			name = Debug;
		};
		6033DC29276A878E00ADA0F8 /* Release */ = {
			isa = XCBuildConfiguration;
			buildSettings = {
				ALWAYS_EMBED_SWIFT_STANDARD_LIBRARIES = YES;
				CODE_SIGN_STYLE = Automatic;
				CURRENT_PROJECT_VERSION = 1;
				DEVELOPMENT_TEAM = 9E72ELFJ7N;
				GENERATE_INFOPLIST_FILE = YES;
				MARKETING_VERSION = 1.0;
				PRODUCT_BUNDLE_IDENTIFIER = fi.yea.checklistUITests;
				PRODUCT_NAME = "$(TARGET_NAME)";
				SWIFT_EMIT_LOC_STRINGS = NO;
				SWIFT_VERSION = 5.0;
				TARGETED_DEVICE_FAMILY = "1,2";
				TEST_TARGET_NAME = checklist;
			};
			name = Release;
		};
/* End XCBuildConfiguration section */

/* Begin XCConfigurationList section */
		6033DBF2276A878D00ADA0F8 /* Build configuration list for PBXProject "checklist" */ = {
			isa = XCConfigurationList;
			buildConfigurations = (
				6033DC1F276A878E00ADA0F8 /* Debug */,
				6033DC20276A878E00ADA0F8 /* Release */,
			);
			defaultConfigurationIsVisible = 0;
			defaultConfigurationName = Release;
		};
		6033DC21276A878E00ADA0F8 /* Build configuration list for PBXNativeTarget "checklist" */ = {
			isa = XCConfigurationList;
			buildConfigurations = (
				6033DC22276A878E00ADA0F8 /* Debug */,
				6033DC23276A878E00ADA0F8 /* Release */,
			);
			defaultConfigurationIsVisible = 0;
			defaultConfigurationName = Release;
		};
		6033DC24276A878E00ADA0F8 /* Build configuration list for PBXNativeTarget "checklistTests" */ = {
			isa = XCConfigurationList;
			buildConfigurations = (
				6033DC25276A878E00ADA0F8 /* Debug */,
				6033DC26276A878E00ADA0F8 /* Release */,
			);
			defaultConfigurationIsVisible = 0;
			defaultConfigurationName = Release;
		};
		6033DC27276A878E00ADA0F8 /* Build configuration list for PBXNativeTarget "checklistUITests" */ = {
			isa = XCConfigurationList;
			buildConfigurations = (
				6033DC28276A878E00ADA0F8 /* Debug */,
				6033DC29276A878E00ADA0F8 /* Release */,
			);
			defaultConfigurationIsVisible = 0;
			defaultConfigurationName = Release;
		};
/* End XCConfigurationList section */
	};
	rootObject = 6033DBEF276A878D00ADA0F8 /* Project object */;
}
